
Microsoft Visual Studio Solution File, Format Version 12.00
# Visual Studio Version 17
Project("{2150E333-8FDC-42A3-9474-1A3956D46DE8}") = "CMakePredefinedTargets", "CMakePredefinedTargets", "{1E00043B-1975-3E73-A2FF-863FFE9F9AD3}"
EndProject
Project("{8BC9CEB8-8B4A-11D0-8D11-00A0C91BC942}") = "CSC8503", "CSC8503\CSC8503.vcxproj", "{D337F198-BC4F-3C3B-9073-60463B568B68}"
	ProjectSection(ProjectDependencies) = postProject
		{407BF463-0EE1-3BC6-9000-E5A6BE27E61C} = {407BF463-0EE1-3BC6-9000-E5A6BE27E61C}
		{2BA52A4E-0F4E-392E-B418-28402A0336FB} = {2BA52A4E-0F4E-392E-B418-28402A0336FB}
		{42AA66ED-58BC-3EC4-8E0B-EA324A6D7166} = {42AA66ED-58BC-3EC4-8E0B-EA324A6D7166}
		{A4B02BB5-C7F4-3108-A803-71480D8E74DC} = {A4B02BB5-C7F4-3108-A803-71480D8E74DC}
	EndProjectSection
EndProject
Project("{8BC9CEB8-8B4A-11D0-8D11-00A0C91BC942}") = "ALL_BUILD", "ALL_BUILD.vcxproj", "{9B0292B2-B747-3B44-8160-26AEB7A85AE2}"
	ProjectSection(ProjectDependencies) = postProject
		{D337F198-BC4F-3C3B-9073-60463B568B68} = {D337F198-BC4F-3C3B-9073-60463B568B68}
		{407BF463-0EE1-3BC6-9000-E5A6BE27E61C} = {407BF463-0EE1-3BC6-9000-E5A6BE27E61C}
		{2BA52A4E-0F4E-392E-B418-28402A0336FB} = {2BA52A4E-0F4E-392E-B418-28402A0336FB}
		{42AA66ED-58BC-3EC4-8E0B-EA324A6D7166} = {42AA66ED-58BC-3EC4-8E0B-EA324A6D7166}
		{A4B02BB5-C7F4-3108-A803-71480D8E74DC} = {A4B02BB5-C7F4-3108-A803-71480D8E74DC}
	EndProjectSection
EndProject
Project("{8BC9CEB8-8B4A-11D0-8D11-00A0C91BC942}") = "CSC8503CoreClasses", "CSC8503CoreClasses\CSC8503CoreClasses.vcxproj", "{407BF463-0EE1-3BC6-9000-E5A6BE27E61C}"
	ProjectSection(ProjectDependencies) = postProject
		{A4B02BB5-C7F4-3108-A803-71480D8E74DC} = {A4B02BB5-C7F4-3108-A803-71480D8E74DC}
	EndProjectSection
EndProject
Project("{8BC9CEB8-8B4A-11D0-8D11-00A0C91BC942}") = "NCLCoreClasses", "NCLCoreClasses\NCLCoreClasses.vcxproj", "{2BA52A4E-0F4E-392E-B418-28402A0336FB}"
	ProjectSection(ProjectDependencies) = postProject
		{A4B02BB5-C7F4-3108-A803-71480D8E74DC} = {A4B02BB5-C7F4-3108-A803-71480D8E74DC}
	EndProjectSection
EndProject
Project("{8BC9CEB8-8B4A-11D0-8D11-00A0C91BC942}") = "OpenGLRendering", "OpenGLRendering\OpenGLRendering.vcxproj", "{42AA66ED-58BC-3EC4-8E0B-EA324A6D7166}"
	ProjectSection(ProjectDependencies) = postProject
		{2BA52A4E-0F4E-392E-B418-28402A0336FB} = {2BA52A4E-0F4E-392E-B418-28402A0336FB}
		{A4B02BB5-C7F4-3108-A803-71480D8E74DC} = {A4B02BB5-C7F4-3108-A803-71480D8E74DC}
	EndProjectSection
EndProject
Project("{8BC9CEB8-8B4A-11D0-8D11-00A0C91BC942}") = "ZERO_CHECK", "ZERO_CHECK.vcxproj", "{A4B02BB5-C7F4-3108-A803-71480D8E74DC}"
	ProjectSection(ProjectDependencies) = postProject
	EndProjectSection
EndProject
Global
	GlobalSection(SolutionConfigurationPlatforms) = preSolution
		Debug|x64 = Debug|x64
		Release|x64 = Release|x64
	EndGlobalSection
	GlobalSection(ProjectConfigurationPlatforms) = postSolution
		{D337F198-BC4F-3C3B-9073-60463B568B68}.Debug|x64.ActiveCfg = Debug|x64
		{D337F198-BC4F-3C3B-9073-60463B568B68}.Debug|x64.Build.0 = Debug|x64
		{D337F198-BC4F-3C3B-9073-60463B568B68}.Release|x64.ActiveCfg = Release|x64
		{D337F198-BC4F-3C3B-9073-60463B568B68}.Release|x64.Build.0 = Release|x64
		{9B0292B2-B747-3B44-8160-26AEB7A85AE2}.Debug|x64.ActiveCfg = Debug|x64
		{9B0292B2-B747-3B44-8160-26AEB7A85AE2}.Release|x64.ActiveCfg = Release|x64
		{407BF463-0EE1-3BC6-9000-E5A6BE27E61C}.Debug|x64.ActiveCfg = Debug|x64
		{407BF463-0EE1-3BC6-9000-E5A6BE27E61C}.Debug|x64.Build.0 = Debug|x64
		{407BF463-0EE1-3BC6-9000-E5A6BE27E61C}.Release|x64.ActiveCfg = Release|x64
		{407BF463-0EE1-3BC6-9000-E5A6BE27E61C}.Release|x64.Build.0 = Release|x64
		{2BA52A4E-0F4E-392E-B418-28402A0336FB}.Debug|x64.ActiveCfg = Debug|x64
		{2BA52A4E-0F4E-392E-B418-28402A0336FB}.Debug|x64.Build.0 = Debug|x64
		{2BA52A4E-0F4E-392E-B418-28402A0336FB}.Release|x64.ActiveCfg = Release|x64
		{2BA52A4E-0F4E-392E-B418-28402A0336FB}.Release|x64.Build.0 = Release|x64
		{42AA66ED-58BC-3EC4-8E0B-EA324A6D7166}.Debug|x64.ActiveCfg = Debug|x64
		{42AA66ED-58BC-3EC4-8E0B-EA324A6D7166}.Debug|x64.Build.0 = Debug|x64
		{42AA66ED-58BC-3EC4-8E0B-EA324A6D7166}.Release|x64.ActiveCfg = Release|x64
		{42AA66ED-58BC-3EC4-8E0B-EA324A6D7166}.Release|x64.Build.0 = Release|x64
		{A4B02BB5-C7F4-3108-A803-71480D8E74DC}.Debug|x64.ActiveCfg = Debug|x64
		{A4B02BB5-C7F4-3108-A803-71480D8E74DC}.Debug|x64.Build.0 = Debug|x64
		{A4B02BB5-C7F4-3108-A803-71480D8E74DC}.Release|x64.ActiveCfg = Release|x64
		{A4B02BB5-C7F4-3108-A803-71480D8E74DC}.Release|x64.Build.0 = Release|x64
	EndGlobalSection
	GlobalSection(NestedProjects) = preSolution
		{9B0292B2-B747-3B44-8160-26AEB7A85AE2} = {1E00043B-1975-3E73-A2FF-863FFE9F9AD3}
		{A4B02BB5-C7F4-3108-A803-71480D8E74DC} = {1E00043B-1975-3E73-A2FF-863FFE9F9AD3}
	EndGlobalSection
	GlobalSection(ExtensibilityGlobals) = postSolution
		SolutionGuid = {74BD1DD4-2684-32D6-9350-B9500251DB4C}
	EndGlobalSection
	GlobalSection(ExtensibilityAddIns) = postSolution
	EndGlobalSection
EndGlobal
